
Microsoft Visual Studio Solution File, Format Version 12.00
# Visual Studio 14
VisualStudioVersion = 14.0.25420.1
MinimumVisualStudioVersion = 10.0.40219.1
Project("{FAE04EC0-301F-11D3-BF4B-00C04F79EFBC}") = "WcfZadanko", "WcfZadanko\WcfZadanko.csproj", "{91562245-4AE6-435B-8DF3-50CE916234CF}"
EndProject
Project("{FAE04EC0-301F-11D3-BF4B-00C04F79EFBC}") = "WebApp", "WebApp\WebApp.csproj", "{E4D2D3D5-11D0-49FF-B304-2969650F04F6}"
	ProjectSection(ProjectDependencies) = postProject
		{91562245-4AE6-435B-8DF3-50CE916234CF} = {91562245-4AE6-435B-8DF3-50CE916234CF}
	EndProjectSection
EndProject
Project("{FAE04EC0-301F-11D3-BF4B-00C04F79EFBC}") = "WcfZadanko.Tests", "WcfZadanko.Tests\WcfZadanko.Tests.csproj", "{628C9631-104A-4B18-A0BF-4959AABDD4F0}"
EndProject
Global
	GlobalSection(SolutionConfigurationPlatforms) = preSolution
		Debug|Any CPU = Debug|Any CPU
		Release|Any CPU = Release|Any CPU
	EndGlobalSection
	GlobalSection(ProjectConfigurationPlatforms) = postSolution
		{91562245-4AE6-435B-8DF3-50CE916234CF}.Debug|Any CPU.ActiveCfg = Debug|Any CPU
		{91562245-4AE6-435B-8DF3-50CE916234CF}.Debug|Any CPU.Build.0 = Debug|Any CPU
		{91562245-4AE6-435B-8DF3-50CE916234CF}.Release|Any CPU.ActiveCfg = Release|Any CPU
		{91562245-4AE6-435B-8DF3-50CE916234CF}.Release|Any CPU.Build.0 = Release|Any CPU
		{E4D2D3D5-11D0-49FF-B304-2969650F04F6}.Debug|Any CPU.ActiveCfg = Debug|Any CPU
		{E4D2D3D5-11D0-49FF-B304-2969650F04F6}.Debug|Any CPU.Build.0 = Debug|Any CPU
		{E4D2D3D5-11D0-49FF-B304-2969650F04F6}.Release|Any CPU.ActiveCfg = Release|Any CPU
		{E4D2D3D5-11D0-49FF-B304-2969650F04F6}.Release|Any CPU.Build.0 = Release|Any CPU
		{628C9631-104A-4B18-A0BF-4959AABDD4F0}.Debug|Any CPU.ActiveCfg = Debug|Any CPU
		{628C9631-104A-4B18-A0BF-4959AABDD4F0}.Debug|Any CPU.Build.0 = Debug|Any CPU
		{628C9631-104A-4B18-A0BF-4959AABDD4F0}.Release|Any CPU.ActiveCfg = Release|Any CPU
		{628C9631-104A-4B18-A0BF-4959AABDD4F0}.Release|Any CPU.Build.0 = Release|Any CPU
	EndGlobalSection
	GlobalSection(SolutionProperties) = preSolution
		HideSolutionNode = FALSE
	EndGlobalSection
EndGlobal
